# This file is automatically @generated by Cargo.
# It is not intended for manual editing.
version = 4

[[package]]
name = "tavernlab-core"
version = "0.1.0"
dependencies = [
 "tavernlab-json",
]

[[package]]
name = "tavernlab-json"
version = "0.1.0"

[[package]]
name = "tavernlab-sqlite"
version = "0.1.0"

[[package]]
name = "tavernsim"
version = "0.1.0"
dependencies = [
 "tavernlab-core",
 "tavernlab-json",
 "tavernlab-sqlite",
]

[[package]]
name = "xtask"
version = "0.1.0"
dependencies = [
 "tavernlab-core",
 "tavernlab-json",
]
